{
  "name": "@heavy/apidoc-template",
  "version": "3.0.2",
  "lockfileVersion": 1,
  "requires": true,
  "dependencies": {
    "markdown-it-mermaid-plugin": {
      "version": "0.1.0",
      "resolved": "https://registry.npmjs.org/markdown-it-mermaid-plugin/-/markdown-it-mermaid-plugin-0.1.0.tgz",
      "integrity": "sha512-e5+BqzHA/P9rGLnryaLricGeQRnWkBKlfPdj1K8y5g7pZaIxQ6CtsDcxCqJ78aO7lmt0dLFI60wM0rq+D9V5YQ==",
      "dev": true
    }
  }
}
